
Microsoft Visual Studio Solution File, Format Version 12.00
# Visual Studio 15
VisualStudioVersion = 15.0.26228.4
MinimumVisualStudioVersion = 10.0.40219.1
Project("{9A19103F-16F7-4668-BE54-9A1E7A4F7556}") = "Personel", "WebApp\Personel.csproj", "{1D8B5AB6-EB34-4170-82F5-2C2B6FE046D1}"
EndProject
Project("{9A19103F-16F7-4668-BE54-9A1E7A4F7556}") = "DAL", "DAL\DAL.csproj", "{973EDC9C-D8ED-4BA0-97EA-55F19B65310F}"
EndProject
Project("{2150E333-8FDC-42A3-9474-1A3956D46DE8}") = "SolutionItems", "SolutionItems", "{FAC61385-E1A6-4522-80CB-45B97E83411A}"
	ProjectSection(SolutionItems) = preProject
		cheatsheet.md = cheatsheet.md
	EndProjectSection
EndProject
Project("{9A19103F-16F7-4668-BE54-9A1E7A4F7556}") = "Services", "Services\Services.csproj", "{4E8DA05A-1F33-41F5-9D92-B17355620555}"
EndProject
Global
	GlobalSection(SolutionConfigurationPlatforms) = preSolution
		Debug|Any CPU = Debug|Any CPU
		QA|Any CPU = QA|Any CPU
		Release|Any CPU = Release|Any CPU
	EndGlobalSection
	GlobalSection(ProjectConfigurationPlatforms) = postSolution
		{1D8B5AB6-EB34-4170-82F5-2C2B6FE046D1}.Debug|Any CPU.ActiveCfg = Debug|Any CPU
		{1D8B5AB6-EB34-4170-82F5-2C2B6FE046D1}.Debug|Any CPU.Build.0 = Debug|Any CPU
		{1D8B5AB6-EB34-4170-82F5-2C2B6FE046D1}.QA|Any CPU.ActiveCfg = Release|Any CPU
		{1D8B5AB6-EB34-4170-82F5-2C2B6FE046D1}.QA|Any CPU.Build.0 = Release|Any CPU
		{1D8B5AB6-EB34-4170-82F5-2C2B6FE046D1}.Release|Any CPU.ActiveCfg = Release|Any CPU
		{1D8B5AB6-EB34-4170-82F5-2C2B6FE046D1}.Release|Any CPU.Build.0 = Release|Any CPU
		{973EDC9C-D8ED-4BA0-97EA-55F19B65310F}.Debug|Any CPU.ActiveCfg = Debug|Any CPU
		{973EDC9C-D8ED-4BA0-97EA-55F19B65310F}.Debug|Any CPU.Build.0 = Debug|Any CPU
		{973EDC9C-D8ED-4BA0-97EA-55F19B65310F}.QA|Any CPU.ActiveCfg = Release|Any CPU
		{973EDC9C-D8ED-4BA0-97EA-55F19B65310F}.QA|Any CPU.Build.0 = Release|Any CPU
		{973EDC9C-D8ED-4BA0-97EA-55F19B65310F}.Release|Any CPU.ActiveCfg = Release|Any CPU
		{973EDC9C-D8ED-4BA0-97EA-55F19B65310F}.Release|Any CPU.Build.0 = Release|Any CPU
		{4E8DA05A-1F33-41F5-9D92-B17355620555}.Debug|Any CPU.ActiveCfg = Debug|Any CPU
		{4E8DA05A-1F33-41F5-9D92-B17355620555}.Debug|Any CPU.Build.0 = Debug|Any CPU
		{4E8DA05A-1F33-41F5-9D92-B17355620555}.QA|Any CPU.ActiveCfg = Debug|Any CPU
		{4E8DA05A-1F33-41F5-9D92-B17355620555}.QA|Any CPU.Build.0 = Debug|Any CPU
		{4E8DA05A-1F33-41F5-9D92-B17355620555}.Release|Any CPU.ActiveCfg = Release|Any CPU
		{4E8DA05A-1F33-41F5-9D92-B17355620555}.Release|Any CPU.Build.0 = Release|Any CPU
	EndGlobalSection
	GlobalSection(SolutionProperties) = preSolution
		HideSolutionNode = FALSE
	EndGlobalSection
	GlobalSection(ExtensibilityGlobals) = postSolution
		SolutionGuid = {B1A384EC-3C17-4FF8-9830-363F6BAE28A6}
	EndGlobalSection
EndGlobal
